// !$*UTF8*$!
{
	archiveVersion = 1;
	classes = {
	};
	objectVersion = 77;
	objects = {

/* Begin PBXBuildFile section */
		0412ED902D3E3D240099ABBE /* PokeMonARframework.framework in Frameworks */ = {isa = PBXBuildFile; fileRef = 0412ED722D3E3CA50099ABBE /* PokeMonARframework.framework */; platformFilter = ios; };
		0412ED912D3E3D240099ABBE /* PokeMonARframework.framework in Embed Frameworks */ = {isa = PBXBuildFile; fileRef = 0412ED722D3E3CA50099ABBE /* PokeMonARframework.framework */; settings = {ATTRIBUTES = (CodeSignOnCopy, RemoveHeadersOnCopy, ); }; };
/* End PBXBuildFile section */

/* Begin PBXContainerItemProxy section */
		0412EC782D3E32440099ABBE /* PBXContainerItemProxy */ = {
			isa = PBXContainerItemProxy;
			containerPortal = 0412EC5E2D3E32420099ABBE /* Project object */;
			proxyType = 1;
			remoteGlobalIDString = 0412EC652D3E32420099ABBE;
			remoteInfo = NativeiOSArProject;
		};
		0412EC822D3E32440099ABBE /* PBXContainerItemProxy */ = {
			isa = PBXContainerItemProxy;
			containerPortal = 0412EC5E2D3E32420099ABBE /* Project object */;
			proxyType = 1;
			remoteGlobalIDString = 0412EC652D3E32420099ABBE;
			remoteInfo = NativeiOSArProject;
		};
		0412ED712D3E3CA50099ABBE /* PBXContainerItemProxy */ = {
			isa = PBXContainerItemProxy;
			containerPortal = 0412ED692D3E3CA50099ABBE /* Pokemon Card AR.xcodeproj */;
			proxyType = 2;
			remoteGlobalIDString = 0412ED0D2D3E39660099ABBE;
			remoteInfo = PokeMonARframework;
		};
		0412ED992D3E40010099ABBE /* PBXContainerItemProxy */ = {
			isa = PBXContainerItemProxy;
			containerPortal = 0412ED692D3E3CA50099ABBE /* Pokemon Card AR.xcodeproj */;
			proxyType = 1;
			remoteGlobalIDString = 0412ED0C2D3E39660099ABBE;
			remoteInfo = PokeMonARframework;
		};
/* End PBXContainerItemProxy section */

/* Begin PBXCopyFilesBuildPhase section */
		0412ED922D3E3D240099ABBE /* Embed Frameworks */ = {
			isa = PBXCopyFilesBuildPhase;
			buildActionMask = 2147483647;
			dstPath = "";
			dstSubfolderSpec = 10;
			files = (
				0412ED912D3E3D240099ABBE /* PokeMonARframework.framework in Embed Frameworks */,
			);
			name = "Embed Frameworks";
			runOnlyForDeploymentPostprocessing = 0;
		};
/* End PBXCopyFilesBuildPhase section */

/* Begin PBXFileReference section */
		0412EC662D3E32420099ABBE /* NativeiOSArProject.app */ = {isa = PBXFileReference; explicitFileType = wrapper.application; includeInIndex = 0; path = NativeiOSArProject.app; sourceTree = BUILT_PRODUCTS_DIR; };
		0412EC772D3E32440099ABBE /* NativeiOSArProjectTests.xctest */ = {isa = PBXFileReference; explicitFileType = wrapper.cfbundle; includeInIndex = 0; path = NativeiOSArProjectTests.xctest; sourceTree = BUILT_PRODUCTS_DIR; };
		0412EC812D3E32440099ABBE /* NativeiOSArProjectUITests.xctest */ = {isa = PBXFileReference; explicitFileType = wrapper.cfbundle; includeInIndex = 0; path = NativeiOSArProjectUITests.xctest; sourceTree = BUILT_PRODUCTS_DIR; };
		0412ED692D3E3CA50099ABBE /* Pokemon Card AR.xcodeproj */ = {isa = PBXFileReference; lastKnownFileType = "wrapper.pb-project"; path = "Pokemon Card AR.xcodeproj"; sourceTree = "<group>"; };
/* End PBXFileReference section */

/* Begin PBXFileSystemSynchronizedRootGroup section */
		0412EC682D3E32420099ABBE /* NativeiOSArProject */ = {
			isa = PBXFileSystemSynchronizedRootGroup;
			path = NativeiOSArProject;
			sourceTree = "<group>";
		};
		0412EC7A2D3E32440099ABBE /* NativeiOSArProjectTests */ = {
			isa = PBXFileSystemSynchronizedRootGroup;
			path = NativeiOSArProjectTests;
			sourceTree = "<group>";
		};
		0412EC842D3E32440099ABBE /* NativeiOSArProjectUITests */ = {
			isa = PBXFileSystemSynchronizedRootGroup;
			path = NativeiOSArProjectUITests;
			sourceTree = "<group>";
		};
/* End PBXFileSystemSynchronizedRootGroup section */

/* Begin PBXFrameworksBuildPhase section */
		0412EC632D3E32420099ABBE /* Frameworks */ = {
			isa = PBXFrameworksBuildPhase;
			buildActionMask = 2147483647;
			files = (
				0412ED902D3E3D240099ABBE /* PokeMonARframework.framework in Frameworks */,
			);
			runOnlyForDeploymentPostprocessing = 0;
		};
		0412EC742D3E32440099ABBE /* Frameworks */ = {
			isa = PBXFrameworksBuildPhase;
			buildActionMask = 2147483647;
			files = (
			);
			runOnlyForDeploymentPostprocessing = 0;
		};
		0412EC7E2D3E32440099ABBE /* Frameworks */ = {
			isa = PBXFrameworksBuildPhase;
			buildActionMask = 2147483647;
			files = (
			);
			runOnlyForDeploymentPostprocessing = 0;
		};
/* End PBXFrameworksBuildPhase section */

/* Begin PBXGroup section */
		0412EC5D2D3E32420099ABBE = {
			isa = PBXGroup;
			children = (
				0412EC682D3E32420099ABBE /* NativeiOSArProject */,
				0412EC7A2D3E32440099ABBE /* NativeiOSArProjectTests */,
				0412EC842D3E32440099ABBE /* NativeiOSArProjectUITests */,
				0412EC672D3E32420099ABBE /* Products */,
				0412ED692D3E3CA50099ABBE /* Pokemon Card AR.xcodeproj */,
				0412ED8F2D3E3D240099ABBE /* Frameworks */,
			);
			sourceTree = "<group>";
		};
		0412EC672D3E32420099ABBE /* Products */ = {
			isa = PBXGroup;
			children = (
				0412EC662D3E32420099ABBE /* NativeiOSArProject.app */,
				0412EC772D3E32440099ABBE /* NativeiOSArProjectTests.xctest */,
				0412EC812D3E32440099ABBE /* NativeiOSArProjectUITests.xctest */,
			);
			name = Products;
			sourceTree = "<group>";
		};
		0412ED6A2D3E3CA50099ABBE /* Products */ = {
			isa = PBXGroup;
			children = (
				0412ED722D3E3CA50099ABBE /* PokeMonARframework.framework */,
			);
			name = Products;
			sourceTree = "<group>";
		};
		0412ED8F2D3E3D240099ABBE /* Frameworks */ = {
			isa = PBXGroup;
			children = (
			);
			name = Frameworks;
			sourceTree = "<group>";
		};
/* End PBXGroup section */

/* Begin PBXNativeTarget section */
		0412EC652D3E32420099ABBE /* NativeiOSArProject */ = {
			isa = PBXNativeTarget;
			buildConfigurationList = 0412EC8B2D3E32440099ABBE /* Build configuration list for PBXNativeTarget "NativeiOSArProject" */;
			buildPhases = (
				0412EC622D3E32420099ABBE /* Sources */,
				0412EC632D3E32420099ABBE /* Frameworks */,
				0412EC642D3E32420099ABBE /* Resources */,
				0412ED922D3E3D240099ABBE /* Embed Frameworks */,
			);
			buildRules = (
			);
			dependencies = (
				0412ED9A2D3E40010099ABBE /* PBXTargetDependency */,
			);
			fileSystemSynchronizedGroups = (
				0412EC682D3E32420099ABBE /* NativeiOSArProject */,
			);
			name = NativeiOSArProject;
			packageProductDependencies = (
			);
			productName = NativeiOSArProject;
			productReference = 0412EC662D3E32420099ABBE /* NativeiOSArProject.app */;
			productType = "com.apple.product-type.application";
		};
		0412EC762D3E32440099ABBE /* NativeiOSArProjectTests */ = {
			isa = PBXNativeTarget;
			buildConfigurationList = 0412EC8E2D3E32440099ABBE /* Build configuration list for PBXNativeTarget "NativeiOSArProjectTests" */;
			buildPhases = (
				0412EC732D3E32440099ABBE /* Sources */,
				0412EC742D3E32440099ABBE /* Frameworks */,
				0412EC752D3E32440099ABBE /* Resources */,
			);
			buildRules = (
			);
			dependencies = (
				0412EC792D3E32440099ABBE /* PBXTargetDependency */,
			);
			fileSystemSynchronizedGroups = (
				0412EC7A2D3E32440099ABBE /* NativeiOSArProjectTests */,
			);
			name = NativeiOSArProjectTests;
			packageProductDependencies = (
			);
			productName = NativeiOSArProjectTests;
			productReference = 0412EC772D3E32440099ABBE /* NativeiOSArProjectTests.xctest */;
			productType = "com.apple.product-type.bundle.unit-test";
		};
		0412EC802D3E32440099ABBE /* NativeiOSArProjectUITests */ = {
			isa = PBXNativeTarget;
			buildConfigurationList = 0412EC912D3E32440099ABBE /* Build configuration list for PBXNativeTarget "NativeiOSArProjectUITests" */;
			buildPhases = (
				0412EC7D2D3E32440099ABBE /* Sources */,
				0412EC7E2D3E32440099ABBE /* Frameworks */,
				0412EC7F2D3E32440099ABBE /* Resources */,
			);
			buildRules = (
			);
			dependencies = (
				0412EC832D3E32440099ABBE /* PBXTargetDependency */,
			);
			fileSystemSynchronizedGroups = (
				0412EC842D3E32440099ABBE /* NativeiOSArProjectUITests */,
			);
			name = NativeiOSArProjectUITests;
			packageProductDependencies = (
			);
			productName = NativeiOSArProjectUITests;
			productReference = 0412EC812D3E32440099ABBE /* NativeiOSArProjectUITests.xctest */;
			productType = "com.apple.product-type.bundle.ui-testing";
		};
/* End PBXNativeTarget section */

/* Begin PBXProject section */
		0412EC5E2D3E32420099ABBE /* Project object */ = {
			isa = PBXProject;
			attributes = {
				BuildIndependentTargetsInParallel = 1;
				LastSwiftUpdateCheck = 1620;
				LastUpgradeCheck = 1620;
				TargetAttributes = {
					0412EC652D3E32420099ABBE = {
						CreatedOnToolsVersion = 16.2;
					};
					0412EC762D3E32440099ABBE = {
						CreatedOnToolsVersion = 16.2;
						TestTargetID = 0412EC652D3E32420099ABBE;
					};
					0412EC802D3E32440099ABBE = {
						CreatedOnToolsVersion = 16.2;
						TestTargetID = 0412EC652D3E32420099ABBE;
					};
				};
			};
			buildConfigurationList = 0412EC612D3E32420099ABBE /* Build configuration list for PBXProject "NativeiOSArProject" */;
			developmentRegion = en;
			hasScannedForEncodings = 0;
			knownRegions = (
				en,
				Base,
			);
			mainGroup = 0412EC5D2D3E32420099ABBE;
			minimizedProjectReferenceProxies = 1;
			preferredProjectObjectVersion = 77;
			productRefGroup = 0412EC672D3E32420099ABBE /* Products */;
			projectDirPath = "";
			projectReferences = (
				{
					ProductGroup = 0412ED6A2D3E3CA50099ABBE /* Products */;
					ProjectRef = 0412ED692D3E3CA50099ABBE /* Pokemon Card AR.xcodeproj */;
				},
			);
			projectRoot = "";
			targets = (
				0412EC652D3E32420099ABBE /* NativeiOSArProject */,
				0412EC762D3E32440099ABBE /* NativeiOSArProjectTests */,
				0412EC802D3E32440099ABBE /* NativeiOSArProjectUITests */,
			);
		};
/* End PBXProject section */

/* Begin PBXReferenceProxy section */
		0412ED722D3E3CA50099ABBE /* PokeMonARframework.framework */ = {
			isa = PBXReferenceProxy;
			fileType = wrapper.framework;
			path = PokeMonARframework.framework;
			remoteRef = 0412ED712D3E3CA50099ABBE /* PBXContainerItemProxy */;
			sourceTree = BUILT_PRODUCTS_DIR;
		};
/* End PBXReferenceProxy section */

/* Begin PBXResourcesBuildPhase section */
		0412EC642D3E32420099ABBE /* Resources */ = {
			isa = PBXResourcesBuildPhase;
			buildActionMask = 2147483647;
			files = (
			);
			runOnlyForDeploymentPostprocessing = 0;
		};
		0412EC752D3E32440099ABBE /* Resources */ = {
			isa = PBXResourcesBuildPhase;
			buildActionMask = 2147483647;
			files = (
			);
			runOnlyForDeploymentPostprocessing = 0;
		};
		0412EC7F2D3E32440099ABBE /* Resources */ = {
			isa = PBXResourcesBuildPhase;
			buildActionMask = 2147483647;
			files = (
			);
			runOnlyForDeploymentPostprocessing = 0;
		};
/* End PBXResourcesBuildPhase section */

/* Begin PBXSourcesBuildPhase section */
		0412EC622D3E32420099ABBE /* Sources */ = {
			isa = PBXSourcesBuildPhase;
			buildActionMask = 2147483647;
			files = (
			);
			runOnlyForDeploymentPostprocessing = 0;
		};
		0412EC732D3E32440099ABBE /* Sources */ = {
			isa = PBXSourcesBuildPhase;
			buildActionMask = 2147483647;
			files = (
			);
			runOnlyForDeploymentPostprocessing = 0;
		};
		0412EC7D2D3E32440099ABBE /* Sources */ = {
			isa = PBXSourcesBuildPhase;
			buildActionMask = 2147483647;
			files = (
			);
			runOnlyForDeploymentPostprocessing = 0;
		};
/* End PBXSourcesBuildPhase section */

/* Begin PBXTargetDependency section */
		0412EC792D3E32440099ABBE /* PBXTargetDependency */ = {
			isa = PBXTargetDependency;
			target = 0412EC652D3E32420099ABBE /* NativeiOSArProject */;
			targetProxy = 0412EC782D3E32440099ABBE /* PBXContainerItemProxy */;
		};
		0412EC832D3E32440099ABBE /* PBXTargetDependency */ = {
			isa = PBXTargetDependency;
			target = 0412EC652D3E32420099ABBE /* NativeiOSArProject */;
			targetProxy = 0412EC822D3E32440099ABBE /* PBXContainerItemProxy */;
		};
		0412ED9A2D3E40010099ABBE /* PBXTargetDependency */ = {
			isa = PBXTargetDependency;
			name = PokeMonARframework;
			targetProxy = 0412ED992D3E40010099ABBE /* PBXContainerItemProxy */;
		};
/* End PBXTargetDependency section */

/* Begin XCBuildConfiguration section */
		0412EC892D3E32440099ABBE /* Debug */ = {
			isa = XCBuildConfiguration;
			buildSettings = {
				ALWAYS_SEARCH_USER_PATHS = NO;
				ASSETCATALOG_COMPILER_GENERATE_SWIFT_ASSET_SYMBOL_EXTENSIONS = YES;
				CLANG_ANALYZER_NONNULL = YES;
				CLANG_ANALYZER_NUMBER_OBJECT_CONVERSION = YES_AGGRESSIVE;
				CLANG_CXX_LANGUAGE_STANDARD = "gnu++20";
				CLANG_ENABLE_MODULES = YES;
				CLANG_ENABLE_OBJC_ARC = YES;
				CLANG_ENABLE_OBJC_WEAK = YES;
				CLANG_WARN_BLOCK_CAPTURE_AUTORELEASING = YES;
				CLANG_WARN_BOOL_CONVERSION = YES;
				CLANG_WARN_COMMA = YES;
				CLANG_WARN_CONSTANT_CONVERSION = YES;
				CLANG_WARN_DEPRECATED_OBJC_IMPLEMENTATIONS = YES;
				CLANG_WARN_DIRECT_OBJC_ISA_USAGE = YES_ERROR;
				CLANG_WARN_DOCUMENTATION_COMMENTS = YES;
				CLANG_WARN_EMPTY_BODY = YES;
				CLANG_WARN_ENUM_CONVERSION = YES;
				CLANG_WARN_INFINITE_RECURSION = YES;
				CLANG_WARN_INT_CONVERSION = YES;
				CLANG_WARN_NON_LITERAL_NULL_CONVERSION = YES;
				CLANG_WARN_OBJC_IMPLICIT_RETAIN_SELF = YES;
				CLANG_WARN_OBJC_LITERAL_CONVERSION = YES;
				CLANG_WARN_OBJC_ROOT_CLASS = YES_ERROR;
				CLANG_WARN_QUOTED_INCLUDE_IN_FRAMEWORK_HEADER = YES;
				CLANG_WARN_RANGE_LOOP_ANALYSIS = YES;
				CLANG_WARN_STRICT_PROTOTYPES = YES;
				CLANG_WARN_SUSPICIOUS_MOVE = YES;
				CLANG_WARN_UNGUARDED_AVAILABILITY = YES_AGGRESSIVE;
				CLANG_WARN_UNREACHABLE_CODE = YES;
				CLANG_WARN__DUPLICATE_METHOD_MATCH = YES;
				COPY_PHASE_STRIP = NO;
				DEBUG_INFORMATION_FORMAT = dwarf;
				ENABLE_STRICT_OBJC_MSGSEND = YES;
				ENABLE_TESTABILITY = YES;
				ENABLE_USER_SCRIPT_SANDBOXING = YES;
				GCC_C_LANGUAGE_STANDARD = gnu17;
				GCC_DYNAMIC_NO_PIC = NO;
				GCC_NO_COMMON_BLOCKS = YES;
				GCC_OPTIMIZATION_LEVEL = 0;
				GCC_PREPROCESSOR_DEFINITIONS = (
					"DEBUG=1",
					"$(inherited)",
				);
				GCC_WARN_64_TO_32_BIT_CONVERSION = YES;
				GCC_WARN_ABOUT_RETURN_TYPE = YES_ERROR;
				GCC_WARN_UNDECLARED_SELECTOR = YES;
				GCC_WARN_UNINITIALIZED_AUTOS = YES_AGGRESSIVE;
				GCC_WARN_UNUSED_FUNCTION = YES;
				GCC_WARN_UNUSED_VARIABLE = YES;
				LOCALIZATION_PREFERS_STRING_CATALOGS = YES;
				MTL_ENABLE_DEBUG_INFO = INCLUDE_SOURCE;
				MTL_FAST_MATH = YES;
				ONLY_ACTIVE_ARCH = YES;
				SWIFT_ACTIVE_COMPILATION_CONDITIONS = "DEBUG $(inherited)";
				SWIFT_OPTIMIZATION_LEVEL = "-Onone";
			};
			name = Debug;
		};
		0412EC8A2D3E32440099ABBE /* Release */ = {
			isa = XCBuildConfiguration;
			buildSettings = {
				ALWAYS_SEARCH_USER_PATHS = NO;
				ASSETCATALOG_COMPILER_GENERATE_SWIFT_ASSET_SYMBOL_EXTENSIONS = YES;
				CLANG_ANALYZER_NONNULL = YES;
				CLANG_ANALYZER_NUMBER_OBJECT_CONVERSION = YES_AGGRESSIVE;
				CLANG_CXX_LANGUAGE_STANDARD = "gnu++20";
				CLANG_ENABLE_MODULES = YES;
				CLANG_ENABLE_OBJC_ARC = YES;
				CLANG_ENABLE_OBJC_WEAK = YES;
				CLANG_WARN_BLOCK_CAPTURE_AUTORELEASING = YES;
				CLANG_WARN_BOOL_CONVERSION = YES;
				CLANG_WARN_COMMA = YES;
				CLANG_WARN_CONSTANT_CONVERSION = YES;
				CLANG_WARN_DEPRECATED_OBJC_IMPLEMENTATIONS = YES;
				CLANG_WARN_DIRECT_OBJC_ISA_USAGE = YES_ERROR;
				CLANG_WARN_DOCUMENTATION_COMMENTS = YES;
				CLANG_WARN_EMPTY_BODY = YES;
				CLANG_WARN_ENUM_CONVERSION = YES;
				CLANG_WARN_INFINITE_RECURSION = YES;
				CLANG_WARN_INT_CONVERSION = YES;
				CLANG_WARN_NON_LITERAL_NULL_CONVERSION = YES;
				CLANG_WARN_OBJC_IMPLICIT_RETAIN_SELF = YES;
				CLANG_WARN_OBJC_LITERAL_CONVERSION = YES;
				CLANG_WARN_OBJC_ROOT_CLASS = YES_ERROR;
				CLANG_WARN_QUOTED_INCLUDE_IN_FRAMEWORK_HEADER = YES;
				CLANG_WARN_RANGE_LOOP_ANALYSIS = YES;
				CLANG_WARN_STRICT_PROTOTYPES = YES;
				CLANG_WARN_SUSPICIOUS_MOVE = YES;
				CLANG_WARN_UNGUARDED_AVAILABILITY = YES_AGGRESSIVE;
				CLANG_WARN_UNREACHABLE_CODE = YES;
				CLANG_WARN__DUPLICATE_METHOD_MATCH = YES;
				COPY_PHASE_STRIP = NO;
				DEBUG_INFORMATION_FORMAT = "dwarf-with-dsym";
				ENABLE_NS_ASSERTIONS = NO;
				ENABLE_STRICT_OBJC_MSGSEND = YES;
				ENABLE_USER_SCRIPT_SANDBOXING = YES;
				GCC_C_LANGUAGE_STANDARD = gnu17;
				GCC_NO_COMMON_BLOCKS = YES;
				GCC_WARN_64_TO_32_BIT_CONVERSION = YES;
				GCC_WARN_ABOUT_RETURN_TYPE = YES_ERROR;
				GCC_WARN_UNDECLARED_SELECTOR = YES;
				GCC_WARN_UNINITIALIZED_AUTOS = YES_AGGRESSIVE;
				GCC_WARN_UNUSED_FUNCTION = YES;
				GCC_WARN_UNUSED_VARIABLE = YES;
				LOCALIZATION_PREFERS_STRING_CATALOGS = YES;
				MTL_ENABLE_DEBUG_INFO = NO;
				MTL_FAST_MATH = YES;
				SWIFT_COMPILATION_MODE = wholemodule;
			};
			name = Release;
		};
		0412EC8C2D3E32440099ABBE /* Debug */ = {
			isa = XCBuildConfiguration;
			buildSettings = {
				ASSETCATALOG_COMPILER_APPICON_NAME = AppIcon;
				ASSETCATALOG_COMPILER_GLOBAL_ACCENT_COLOR_NAME = AccentColor;
				CODE_SIGN_ENTITLEMENTS = NativeiOSArProject/NativeiOSArProject.entitlements;
				CODE_SIGN_STYLE = Automatic;
				CURRENT_PROJECT_VERSION = 1;
				DEVELOPMENT_ASSET_PATHS = "\"NativeiOSArProject/Preview Content\"";
				DEVELOPMENT_TEAM = 4ZJ57KSCBW;
				ENABLE_HARDENED_RUNTIME = YES;
				ENABLE_PREVIEWS = YES;
				GENERATE_INFOPLIST_FILE = YES;
				"INFOPLIST_KEY_UIApplicationSceneManifest_Generation[sdk=iphoneos*]" = YES;
				"INFOPLIST_KEY_UIApplicationSceneManifest_Generation[sdk=iphonesimulator*]" = YES;
				"INFOPLIST_KEY_UIApplicationSupportsIndirectInputEvents[sdk=iphoneos*]" = YES;
				"INFOPLIST_KEY_UIApplicationSupportsIndirectInputEvents[sdk=iphonesimulator*]" = YES;
				"INFOPLIST_KEY_UILaunchScreen_Generation[sdk=iphoneos*]" = YES;
				"INFOPLIST_KEY_UILaunchScreen_Generation[sdk=iphonesimulator*]" = YES;
				"INFOPLIST_KEY_UIStatusBarStyle[sdk=iphoneos*]" = UIStatusBarStyleDefault;
				"INFOPLIST_KEY_UIStatusBarStyle[sdk=iphonesimulator*]" = UIStatusBarStyleDefault;
				INFOPLIST_KEY_UISupportedInterfaceOrientations_iPad = "UIInterfaceOrientationPortrait UIInterfaceOrientationPortraitUpsideDown UIInterfaceOrientationLandscapeLeft UIInterfaceOrientationLandscapeRight";
				INFOPLIST_KEY_UISupportedInterfaceOrientations_iPhone = "UIInterfaceOrientationPortrait UIInterfaceOrientationLandscapeLeft UIInterfaceOrientationLandscapeRight";
				IPHONEOS_DEPLOYMENT_TARGET = 15.6;
				LD_RUNPATH_SEARCH_PATHS = "@executable_path/Frameworks";
				"LD_RUNPATH_SEARCH_PATHS[sdk=macosx*]" = "@executable_path/../Frameworks";
				MACOSX_DEPLOYMENT_TARGET = 15.2;
				MARKETING_VERSION = 1.0;
				PRODUCT_BUNDLE_IDENTIFIER = com.aprowolf.wolfingaround;
				PRODUCT_NAME = "$(TARGET_NAME)";
				SDKROOT = auto;
				SUPPORTED_PLATFORMS = "iphoneos iphonesimulator macosx xros xrsimulator";
				SWIFT_EMIT_LOC_STRINGS = YES;
				SWIFT_VERSION = 5.0;
				TARGETED_DEVICE_FAMILY = "1,2,7";
				XROS_DEPLOYMENT_TARGET = 2.2;
			};
			name = Debug;
		};
		0412EC8D2D3E32440099ABBE /* Release */ = {
			isa = XCBuildConfiguration;
			buildSettings = {
				ASSETCATALOG_COMPILER_APPICON_NAME = AppIcon;
				ASSETCATALOG_COMPILER_GLOBAL_ACCENT_COLOR_NAME = AccentColor;
				CODE_SIGN_ENTITLEMENTS = NativeiOSArProject/NativeiOSArProject.entitlements;
				CODE_SIGN_STYLE = Automatic;
				CURRENT_PROJECT_VERSION = 1;
				DEVELOPMENT_ASSET_PATHS = "\"NativeiOSArProject/Preview Content\"";
				DEVELOPMENT_TEAM = 4ZJ57KSCBW;
				ENABLE_HARDENED_RUNTIME = YES;
				ENABLE_PREVIEWS = YES;
				GENERATE_INFOPLIST_FILE = YES;
				"INFOPLIST_KEY_UIApplicationSceneManifest_Generation[sdk=iphoneos*]" = YES;
				"INFOPLIST_KEY_UIApplicationSceneManifest_Generation[sdk=iphonesimulator*]" = YES;
				"INFOPLIST_KEY_UIApplicationSupportsIndirectInputEvents[sdk=iphoneos*]" = YES;
				"INFOPLIST_KEY_UIApplicationSupportsIndirectInputEvents[sdk=iphonesimulator*]" = YES;
				"INFOPLIST_KEY_UILaunchScreen_Generation[sdk=iphoneos*]" = YES;
				"INFOPLIST_KEY_UILaunchScreen_Generation[sdk=iphonesimulator*]" = YES;
				"INFOPLIST_KEY_UIStatusBarStyle[sdk=iphoneos*]" = UIStatusBarStyleDefault;
				"INFOPLIST_KEY_UIStatusBarStyle[sdk=iphonesimulator*]" = UIStatusBarStyleDefault;
				INFOPLIST_KEY_UISupportedInterfaceOrientations_iPad = "UIInterfaceOrientationPortrait UIInterfaceOrientationPortraitUpsideDown UIInterfaceOrientationLandscapeLeft UIInterfaceOrientationLandscapeRight";
				INFOPLIST_KEY_UISupportedInterfaceOrientations_iPhone = "UIInterfaceOrientationPortrait UIInterfaceOrientationLandscapeLeft UIInterfaceOrientationLandscapeRight";
				IPHONEOS_DEPLOYMENT_TARGET = 15.6;
				LD_RUNPATH_SEARCH_PATHS = "@executable_path/Frameworks";
				"LD_RUNPATH_SEARCH_PATHS[sdk=macosx*]" = "@executable_path/../Frameworks";
				MACOSX_DEPLOYMENT_TARGET = 15.2;
				MARKETING_VERSION = 1.0;
				PRODUCT_BUNDLE_IDENTIFIER = com.aprowolf.wolfingaround;
				PRODUCT_NAME = "$(TARGET_NAME)";
				SDKROOT = auto;
				SUPPORTED_PLATFORMS = "iphoneos iphonesimulator macosx xros xrsimulator";
				SWIFT_EMIT_LOC_STRINGS = YES;
				SWIFT_VERSION = 5.0;
				TARGETED_DEVICE_FAMILY = "1,2,7";
				XROS_DEPLOYMENT_TARGET = 2.2;
			};
			name = Release;
		};
		0412EC8F2D3E32440099ABBE /* Debug */ = {
			isa = XCBuildConfiguration;
			buildSettings = {
				BUNDLE_LOADER = "$(TEST_HOST)";
				CODE_SIGN_STYLE = Automatic;
				CURRENT_PROJECT_VERSION = 1;
				DEVELOPMENT_TEAM = 4ZJ57KSCBW;
				GENERATE_INFOPLIST_FILE = YES;
				IPHONEOS_DEPLOYMENT_TARGET = 18.2;
				MACOSX_DEPLOYMENT_TARGET = 15.2;
				MARKETING_VERSION = 1.0;
				PRODUCT_BUNDLE_IDENTIFIER = com.aprowolf.wolfingaround.NativeiOSArProjectTests;
				PRODUCT_NAME = "$(TARGET_NAME)";
				SDKROOT = auto;
				SUPPORTED_PLATFORMS = "iphoneos iphonesimulator macosx xros xrsimulator";
				SWIFT_EMIT_LOC_STRINGS = NO;
				SWIFT_VERSION = 5.0;
				TARGETED_DEVICE_FAMILY = "1,2,7";
				TEST_HOST = "$(BUILT_PRODUCTS_DIR)/NativeiOSArProject.app/$(BUNDLE_EXECUTABLE_FOLDER_PATH)/NativeiOSArProject";
				XROS_DEPLOYMENT_TARGET = 2.2;
			};
			name = Debug;
		};
		0412EC902D3E32440099ABBE /* Release */ = {
			isa = XCBuildConfiguration;
			buildSettings = {
				BUNDLE_LOADER = "$(TEST_HOST)";
				CODE_SIGN_STYLE = Automatic;
				CURRENT_PROJECT_VERSION = 1;
				DEVELOPMENT_TEAM = 4ZJ57KSCBW;
				GENERATE_INFOPLIST_FILE = YES;
				IPHONEOS_DEPLOYMENT_TARGET = 18.2;
				MACOSX_DEPLOYMENT_TARGET = 15.2;
				MARKETING_VERSION = 1.0;
				PRODUCT_BUNDLE_IDENTIFIER = com.aprowolf.wolfingaround.NativeiOSArProjectTests;
				PRODUCT_NAME = "$(TARGET_NAME)";
				SDKROOT = auto;
				SUPPORTED_PLATFORMS = "iphoneos iphonesimulator macosx xros xrsimulator";
				SWIFT_EMIT_LOC_STRINGS = NO;
				SWIFT_VERSION = 5.0;
				TARGETED_DEVICE_FAMILY = "1,2,7";
				TEST_HOST = "$(BUILT_PRODUCTS_DIR)/NativeiOSArProject.app/$(BUNDLE_EXECUTABLE_FOLDER_PATH)/NativeiOSArProject";
				XROS_DEPLOYMENT_TARGET = 2.2;
			};
			name = Release;
		};
		0412EC922D3E32440099ABBE /* Debug */ = {
			isa = XCBuildConfiguration;
			buildSettings = {
				CODE_SIGN_STYLE = Automatic;
				CURRENT_PROJECT_VERSION = 1;
				DEVELOPMENT_TEAM = 4ZJ57KSCBW;
				GENERATE_INFOPLIST_FILE = YES;
				IPHONEOS_DEPLOYMENT_TARGET = 18.2;
				MACOSX_DEPLOYMENT_TARGET = 15.2;
				MARKETING_VERSION = 1.0;
				PRODUCT_BUNDLE_IDENTIFIER = com.aprowolf.wolfingaround.NativeiOSArProjectUITests;
				PRODUCT_NAME = "$(TARGET_NAME)";
				SDKROOT = auto;
				SUPPORTED_PLATFORMS = "iphoneos iphonesimulator macosx xros xrsimulator";
				SWIFT_EMIT_LOC_STRINGS = NO;
				SWIFT_VERSION = 5.0;
				TARGETED_DEVICE_FAMILY = "1,2,7";
				TEST_TARGET_NAME = NativeiOSArProject;
				XROS_DEPLOYMENT_TARGET = 2.2;
			};
			name = Debug;
		};
		0412EC932D3E32440099ABBE /* Release */ = {
			isa = XCBuildConfiguration;
			buildSettings = {
				CODE_SIGN_STYLE = Automatic;
				CURRENT_PROJECT_VERSION = 1;
				DEVELOPMENT_TEAM = 4ZJ57KSCBW;
				GENERATE_INFOPLIST_FILE = YES;
				IPHONEOS_DEPLOYMENT_TARGET = 18.2;
				MACOSX_DEPLOYMENT_TARGET = 15.2;
				MARKETING_VERSION = 1.0;
				PRODUCT_BUNDLE_IDENTIFIER = com.aprowolf.wolfingaround.NativeiOSArProjectUITests;
				PRODUCT_NAME = "$(TARGET_NAME)";
				SDKROOT = auto;
				SUPPORTED_PLATFORMS = "iphoneos iphonesimulator macosx xros xrsimulator";
				SWIFT_EMIT_LOC_STRINGS = NO;
				SWIFT_VERSION = 5.0;
				TARGETED_DEVICE_FAMILY = "1,2,7";
				TEST_TARGET_NAME = NativeiOSArProject;
				XROS_DEPLOYMENT_TARGET = 2.2;
			};
			name = Release;
		};
/* End XCBuildConfiguration section */

/* Begin XCConfigurationList section */
		0412EC612D3E32420099ABBE /* Build configuration list for PBXProject "NativeiOSArProject" */ = {
			isa = XCConfigurationList;
			buildConfigurations = (
				0412EC892D3E32440099ABBE /* Debug */,
				0412EC8A2D3E32440099ABBE /* Release */,
			);
			defaultConfigurationIsVisible = 0;
			defaultConfigurationName = Release;
		};
		0412EC8B2D3E32440099ABBE /* Build configuration list for PBXNativeTarget "NativeiOSArProject" */ = {
			isa = XCConfigurationList;
			buildConfigurations = (
				0412EC8C2D3E32440099ABBE /* Debug */,
				0412EC8D2D3E32440099ABBE /* Release */,
			);
			defaultConfigurationIsVisible = 0;
			defaultConfigurationName = Release;
		};
		0412EC8E2D3E32440099ABBE /* Build configuration list for PBXNativeTarget "NativeiOSArProjectTests" */ = {
			isa = XCConfigurationList;
			buildConfigurations = (
				0412EC8F2D3E32440099ABBE /* Debug */,
				0412EC902D3E32440099ABBE /* Release */,
			);
			defaultConfigurationIsVisible = 0;
			defaultConfigurationName = Release;
		};
		0412EC912D3E32440099ABBE /* Build configuration list for PBXNativeTarget "NativeiOSArProjectUITests" */ = {
			isa = XCConfigurationList;
			buildConfigurations = (
				0412EC922D3E32440099ABBE /* Debug */,
				0412EC932D3E32440099ABBE /* Release */,
			);
			defaultConfigurationIsVisible = 0;
			defaultConfigurationName = Release;
		};
/* End XCConfigurationList section */
	};
	rootObject = 0412EC5E2D3E32420099ABBE /* Project object */;
}
